
Microsoft Visual Studio Solution File, Format Version 12.00
# Visual Studio Version 16
VisualStudioVersion = 16.0.30104.148
MinimumVisualStudioVersion = 10.0.40219.1
Project("{9A19103F-16F7-4668-BE54-9A1E7A4F7556}") = "MyBlog.Web", "MyBlog.Web\MyBlog.Web.csproj", "{BA89A66A-A4F4-49A8-BD67-F01E9448023A}"
EndProject
Project("{9A19103F-16F7-4668-BE54-9A1E7A4F7556}") = "MyBlog.BLL", "MyBlog.BAL\MyBlog.BLL.csproj", "{58F4089D-BA87-4009-8CF8-A2AE14463FF3}"
EndProject
Project("{9A19103F-16F7-4668-BE54-9A1E7A4F7556}") = "MyBlog.DAL", "MyBlog.DAL\MyBlog.DAL.csproj", "{410205E4-B9E7-42C4-9E8F-8A78130AEBB6}"
EndProject
Global
	GlobalSection(SolutionConfigurationPlatforms) = preSolution
		Debug|Any CPU = Debug|Any CPU
		Release|Any CPU = Release|Any CPU
	EndGlobalSection
	GlobalSection(ProjectConfigurationPlatforms) = postSolution
		{BA89A66A-A4F4-49A8-BD67-F01E9448023A}.Debug|Any CPU.ActiveCfg = Debug|Any CPU
		{BA89A66A-A4F4-49A8-BD67-F01E9448023A}.Debug|Any CPU.Build.0 = Debug|Any CPU
		{BA89A66A-A4F4-49A8-BD67-F01E9448023A}.Release|Any CPU.ActiveCfg = Release|Any CPU
		{BA89A66A-A4F4-49A8-BD67-F01E9448023A}.Release|Any CPU.Build.0 = Release|Any CPU
		{58F4089D-BA87-4009-8CF8-A2AE14463FF3}.Debug|Any CPU.ActiveCfg = Debug|Any CPU
		{58F4089D-BA87-4009-8CF8-A2AE14463FF3}.Debug|Any CPU.Build.0 = Debug|Any CPU
		{58F4089D-BA87-4009-8CF8-A2AE14463FF3}.Release|Any CPU.ActiveCfg = Release|Any CPU
		{58F4089D-BA87-4009-8CF8-A2AE14463FF3}.Release|Any CPU.Build.0 = Release|Any CPU
		{410205E4-B9E7-42C4-9E8F-8A78130AEBB6}.Debug|Any CPU.ActiveCfg = Debug|Any CPU
		{410205E4-B9E7-42C4-9E8F-8A78130AEBB6}.Debug|Any CPU.Build.0 = Debug|Any CPU
		{410205E4-B9E7-42C4-9E8F-8A78130AEBB6}.Release|Any CPU.ActiveCfg = Release|Any CPU
		{410205E4-B9E7-42C4-9E8F-8A78130AEBB6}.Release|Any CPU.Build.0 = Release|Any CPU
	EndGlobalSection
	GlobalSection(SolutionProperties) = preSolution
		HideSolutionNode = FALSE
	EndGlobalSection
	GlobalSection(ExtensibilityGlobals) = postSolution
		SolutionGuid = {18AC4AAC-2D4F-436C-94A8-DE138BA14E52}
	EndGlobalSection
EndGlobal
